
Microsoft Visual Studio Solution File, Format Version 12.00
# Visual Studio 2012
Project("{FAE04EC0-301F-11D3-BF4B-00C04F79EFBC}") = "Sudoku", "Sudoku\Sudoku.csproj", "{EF22CCAB-B314-44EE-AF17-D8C1BE3E3EC3}"
EndProject
Project("{FAE04EC0-301F-11D3-BF4B-00C04F79EFBC}") = "SudokuSolver2010", "SudokuSolver2010\SudokuSolver2010.csproj", "{8F81253A-5CCC-4B03-8F15-62A11167BF77}"
EndProject
Project("{FAE04EC0-301F-11D3-BF4B-00C04F79EFBC}") = "TestSudoku", "TestSudoku\TestSudoku.csproj", "{EB0AAAC3-BB77-4668-BDC0-BA005F9999B4}"
EndProject
Global
	GlobalSection(SolutionConfigurationPlatforms) = preSolution
		Debug|Any CPU = Debug|Any CPU
		Debug|Mixed Platforms = Debug|Mixed Platforms
		Debug|x64 = Debug|x64
		Debug|x86 = Debug|x86
		Release|Any CPU = Release|Any CPU
		Release|Mixed Platforms = Release|Mixed Platforms
		Release|x64 = Release|x64
		Release|x86 = Release|x86
	EndGlobalSection
	GlobalSection(ProjectConfigurationPlatforms) = postSolution
		{EF22CCAB-B314-44EE-AF17-D8C1BE3E3EC3}.Debug|Any CPU.ActiveCfg = Debug|Any CPU
		{EF22CCAB-B314-44EE-AF17-D8C1BE3E3EC3}.Debug|Any CPU.Build.0 = Debug|Any CPU
		{EF22CCAB-B314-44EE-AF17-D8C1BE3E3EC3}.Debug|Mixed Platforms.ActiveCfg = Debug|Any CPU
		{EF22CCAB-B314-44EE-AF17-D8C1BE3E3EC3}.Debug|Mixed Platforms.Build.0 = Debug|Any CPU
		{EF22CCAB-B314-44EE-AF17-D8C1BE3E3EC3}.Debug|x64.ActiveCfg = Debug|x64
		{EF22CCAB-B314-44EE-AF17-D8C1BE3E3EC3}.Debug|x64.Build.0 = Debug|x64
		{EF22CCAB-B314-44EE-AF17-D8C1BE3E3EC3}.Debug|x86.ActiveCfg = Debug|Any CPU
		{EF22CCAB-B314-44EE-AF17-D8C1BE3E3EC3}.Debug|x86.Build.0 = Debug|Any CPU
		{EF22CCAB-B314-44EE-AF17-D8C1BE3E3EC3}.Release|Any CPU.ActiveCfg = Release|Any CPU
		{EF22CCAB-B314-44EE-AF17-D8C1BE3E3EC3}.Release|Any CPU.Build.0 = Release|Any CPU
		{EF22CCAB-B314-44EE-AF17-D8C1BE3E3EC3}.Release|Mixed Platforms.ActiveCfg = Release|Any CPU
		{EF22CCAB-B314-44EE-AF17-D8C1BE3E3EC3}.Release|Mixed Platforms.Build.0 = Release|Any CPU
		{EF22CCAB-B314-44EE-AF17-D8C1BE3E3EC3}.Release|x64.ActiveCfg = Release|x64
		{EF22CCAB-B314-44EE-AF17-D8C1BE3E3EC3}.Release|x64.Build.0 = Release|x64
		{EF22CCAB-B314-44EE-AF17-D8C1BE3E3EC3}.Release|x86.ActiveCfg = Release|Any CPU
		{8F81253A-5CCC-4B03-8F15-62A11167BF77}.Debug|Any CPU.ActiveCfg = Debug|x86
		{8F81253A-5CCC-4B03-8F15-62A11167BF77}.Debug|Any CPU.Build.0 = Debug|x86
		{8F81253A-5CCC-4B03-8F15-62A11167BF77}.Debug|Mixed Platforms.ActiveCfg = Debug|x86
		{8F81253A-5CCC-4B03-8F15-62A11167BF77}.Debug|Mixed Platforms.Build.0 = Debug|x86
		{8F81253A-5CCC-4B03-8F15-62A11167BF77}.Debug|x64.ActiveCfg = Debug|x64
		{8F81253A-5CCC-4B03-8F15-62A11167BF77}.Debug|x64.Build.0 = Debug|x64
		{8F81253A-5CCC-4B03-8F15-62A11167BF77}.Debug|x86.ActiveCfg = Debug|x86
		{8F81253A-5CCC-4B03-8F15-62A11167BF77}.Debug|x86.Build.0 = Debug|x86
		{8F81253A-5CCC-4B03-8F15-62A11167BF77}.Release|Any CPU.ActiveCfg = Release|x86
		{8F81253A-5CCC-4B03-8F15-62A11167BF77}.Release|Any CPU.Build.0 = Release|x86
		{8F81253A-5CCC-4B03-8F15-62A11167BF77}.Release|Mixed Platforms.ActiveCfg = Release|x86
		{8F81253A-5CCC-4B03-8F15-62A11167BF77}.Release|Mixed Platforms.Build.0 = Release|x86
		{8F81253A-5CCC-4B03-8F15-62A11167BF77}.Release|x64.ActiveCfg = Release|x64
		{8F81253A-5CCC-4B03-8F15-62A11167BF77}.Release|x64.Build.0 = Release|x64
		{8F81253A-5CCC-4B03-8F15-62A11167BF77}.Release|x86.ActiveCfg = Release|x86
		{8F81253A-5CCC-4B03-8F15-62A11167BF77}.Release|x86.Build.0 = Release|x86
		{EB0AAAC3-BB77-4668-BDC0-BA005F9999B4}.Debug|Any CPU.ActiveCfg = Debug|Any CPU
		{EB0AAAC3-BB77-4668-BDC0-BA005F9999B4}.Debug|Any CPU.Build.0 = Debug|Any CPU
		{EB0AAAC3-BB77-4668-BDC0-BA005F9999B4}.Debug|Mixed Platforms.ActiveCfg = Debug|Any CPU
		{EB0AAAC3-BB77-4668-BDC0-BA005F9999B4}.Debug|Mixed Platforms.Build.0 = Debug|Any CPU
		{EB0AAAC3-BB77-4668-BDC0-BA005F9999B4}.Debug|x64.ActiveCfg = Debug|Any CPU
		{EB0AAAC3-BB77-4668-BDC0-BA005F9999B4}.Debug|x86.ActiveCfg = Debug|Any CPU
		{EB0AAAC3-BB77-4668-BDC0-BA005F9999B4}.Release|Any CPU.ActiveCfg = Release|Any CPU
		{EB0AAAC3-BB77-4668-BDC0-BA005F9999B4}.Release|Any CPU.Build.0 = Release|Any CPU
		{EB0AAAC3-BB77-4668-BDC0-BA005F9999B4}.Release|Mixed Platforms.ActiveCfg = Release|Any CPU
		{EB0AAAC3-BB77-4668-BDC0-BA005F9999B4}.Release|Mixed Platforms.Build.0 = Release|Any CPU
		{EB0AAAC3-BB77-4668-BDC0-BA005F9999B4}.Release|x64.ActiveCfg = Release|Any CPU
		{EB0AAAC3-BB77-4668-BDC0-BA005F9999B4}.Release|x86.ActiveCfg = Release|Any CPU
	EndGlobalSection
	GlobalSection(SolutionProperties) = preSolution
		HideSolutionNode = FALSE
	EndGlobalSection
EndGlobal
